
Microsoft Visual Studio Solution File, Format Version 12.00
# Visual Studio Version 17
VisualStudioVersion = 17.10.34928.147
MinimumVisualStudioVersion = 10.0.40219.1
Project("{FAE04EC0-301F-11D3-BF4B-00C04F79EFBC}") = "Address Book", "Address Book.csproj", "{59E10F32-5EC7-461C-9116-971AD297457C}"
EndProject
Global
	GlobalSection(SolutionConfigurationPlatforms) = preSolution
		Debug|Any CPU = Debug|Any CPU
		Release|Any CPU = Release|Any CPU
	EndGlobalSection
	GlobalSection(ProjectConfigurationPlatforms) = postSolution
		{59E10F32-5EC7-461C-9116-971AD297457C}.Debug|Any CPU.ActiveCfg = Debug|Any CPU
		{59E10F32-5EC7-461C-9116-971AD297457C}.Debug|Any CPU.Build.0 = Debug|Any CPU
		{59E10F32-5EC7-461C-9116-971AD297457C}.Release|Any CPU.ActiveCfg = Release|Any CPU
		{59E10F32-5EC7-461C-9116-971AD297457C}.Release|Any CPU.Build.0 = Release|Any CPU
	EndGlobalSection
	GlobalSection(SolutionProperties) = preSolution
		HideSolutionNode = FALSE
	EndGlobalSection
	GlobalSection(ExtensibilityGlobals) = postSolution
		SolutionGuid = {587BBA67-69C6-492C-99CD-3697C2781516}
	EndGlobalSection
EndGlobal
