
Microsoft Visual Studio Solution File, Format Version 12.00
# Visual Studio Version 17
VisualStudioVersion = 17.10.34928.147
MinimumVisualStudioVersion = 10.0.40219.1
Project("{FAE04EC0-301F-11D3-BF4B-00C04F79EFBC}") = "Login", "Login.csproj", "{FF5859AD-F966-4656-BD7A-E6F09BE935A2}"
EndProject
Global
	GlobalSection(SolutionConfigurationPlatforms) = preSolution
		Debug|Any CPU = Debug|Any CPU
		Release|Any CPU = Release|Any CPU
	EndGlobalSection
	GlobalSection(ProjectConfigurationPlatforms) = postSolution
		{FF5859AD-F966-4656-BD7A-E6F09BE935A2}.Debug|Any CPU.ActiveCfg = Debug|Any CPU
		{FF5859AD-F966-4656-BD7A-E6F09BE935A2}.Debug|Any CPU.Build.0 = Debug|Any CPU
		{FF5859AD-F966-4656-BD7A-E6F09BE935A2}.Release|Any CPU.ActiveCfg = Release|Any CPU
		{FF5859AD-F966-4656-BD7A-E6F09BE935A2}.Release|Any CPU.Build.0 = Release|Any CPU
	EndGlobalSection
	GlobalSection(SolutionProperties) = preSolution
		HideSolutionNode = FALSE
	EndGlobalSection
	GlobalSection(ExtensibilityGlobals) = postSolution
		SolutionGuid = {C3D5713F-9700-44E9-8D92-4925254C3E58}
	EndGlobalSection
EndGlobal
